
Microsoft Visual Studio Solution File, Format Version 12.00
# Visual Studio Version 17
VisualStudioVersion = 17.2.32516.85
MinimumVisualStudioVersion = 10.0.40219.1
Project("{FAE04EC0-301F-11D3-BF4B-00C04F79EFBC}") = "MigracionAzureTablesXML", "MigracionAzureTablesXML\MigracionAzureTablesXML.csproj", "{1C5731D9-D926-46DB-8B84-4355DB46C7DD}"
EndProject
Global
	GlobalSection(SolutionConfigurationPlatforms) = preSolution
		Debug|Any CPU = Debug|Any CPU
		Release|Any CPU = Release|Any CPU
	EndGlobalSection
	GlobalSection(ProjectConfigurationPlatforms) = postSolution
		{1C5731D9-D926-46DB-8B84-4355DB46C7DD}.Debug|Any CPU.ActiveCfg = Debug|Any CPU
		{1C5731D9-D926-46DB-8B84-4355DB46C7DD}.Debug|Any CPU.Build.0 = Debug|Any CPU
		{1C5731D9-D926-46DB-8B84-4355DB46C7DD}.Release|Any CPU.ActiveCfg = Release|Any CPU
		{1C5731D9-D926-46DB-8B84-4355DB46C7DD}.Release|Any CPU.Build.0 = Release|Any CPU
	EndGlobalSection
	GlobalSection(SolutionProperties) = preSolution
		HideSolutionNode = FALSE
	EndGlobalSection
	GlobalSection(ExtensibilityGlobals) = postSolution
		SolutionGuid = {E780522E-D446-4337-825F-C6FAF618DBDC}
	EndGlobalSection
EndGlobal
